
Microsoft Visual Studio Solution File, Format Version 12.00
# Visual Studio 15
VisualStudioVersion = 15.0.28307.902
MinimumVisualStudioVersion = 10.0.40219.1
Project("{FAE04EC0-301F-11D3-BF4B-00C04F79EFBC}") = "FileSystem.Extension", "FileSystem.Extension\FileSystem.Extension.csproj", "{ACCF5C59-C49D-45E9-9D86-9C52659A223B}"
EndProject
Project("{FAE04EC0-301F-11D3-BF4B-00C04F79EFBC}") = "FileSystem.Extension.Test", "FileSystem.Extension.Test\FileSystem.Extension.Test.csproj", "{C44470A2-0907-41F1-9FC2-D04CCDE99F77}"
EndProject
Global
	GlobalSection(SolutionConfigurationPlatforms) = preSolution
		Debug|Any CPU = Debug|Any CPU
		Release|Any CPU = Release|Any CPU
	EndGlobalSection
	GlobalSection(ProjectConfigurationPlatforms) = postSolution
		{ACCF5C59-C49D-45E9-9D86-9C52659A223B}.Debug|Any CPU.ActiveCfg = Debug|Any CPU
		{ACCF5C59-C49D-45E9-9D86-9C52659A223B}.Debug|Any CPU.Build.0 = Debug|Any CPU
		{ACCF5C59-C49D-45E9-9D86-9C52659A223B}.Release|Any CPU.ActiveCfg = Release|Any CPU
		{ACCF5C59-C49D-45E9-9D86-9C52659A223B}.Release|Any CPU.Build.0 = Release|Any CPU
		{C44470A2-0907-41F1-9FC2-D04CCDE99F77}.Debug|Any CPU.ActiveCfg = Debug|Any CPU
		{C44470A2-0907-41F1-9FC2-D04CCDE99F77}.Debug|Any CPU.Build.0 = Debug|Any CPU
		{C44470A2-0907-41F1-9FC2-D04CCDE99F77}.Release|Any CPU.ActiveCfg = Release|Any CPU
		{C44470A2-0907-41F1-9FC2-D04CCDE99F77}.Release|Any CPU.Build.0 = Release|Any CPU
	EndGlobalSection
	GlobalSection(SolutionProperties) = preSolution
		HideSolutionNode = FALSE
	EndGlobalSection
	GlobalSection(ExtensibilityGlobals) = postSolution
		SolutionGuid = {F1675D01-64D2-4A3F-8877-B087296F4408}
	EndGlobalSection
EndGlobal
